
Microsoft Visual Studio Solution File, Format Version 12.00
# Visual Studio Version 17
VisualStudioVersion = 17.0.31903.59
MinimumVisualStudioVersion = 10.0.40219.1
Project("{FAE04EC0-301F-11D3-BF4B-00C04F79EFBC}") = "SolidDesignPrinciples", "00-solid-design-principles\SolidDesignPrinciples.csproj", "{47CC4F78-F6FC-47C4-B8A8-449E3CD68AC3}"
EndProject
Project("{FAE04EC0-301F-11D3-BF4B-00C04F79EFBC}") = "FunctionalPerspective", "01-functional-perspective\FunctionalPerspective.csproj", "{6CDE966D-7F05-49E3-8216-BA50E7D4BBF5}"
EndProject
Project("{2150E333-8FDC-42A3-9474-1A3956D46DE8}") = "02-creational-patterns", "02-creational-patterns", "{85065C01-38DB-49DE-8283-3AF0A7C2E83C}"
EndProject
Project("{FAE04EC0-301F-11D3-BF4B-00C04F79EFBC}") = "Builder", "02-creational-patterns\01-builder\Builder.csproj", "{77FE0BDC-BEDD-41BD-92E1-B26665A30775}"
EndProject
Project("{FAE04EC0-301F-11D3-BF4B-00C04F79EFBC}") = "Factories", "02-creational-patterns\02-factories\Factories.csproj", "{CC57570F-5E9E-4145-9ABA-E3DEA16B2A2B}"
EndProject
Project("{FAE04EC0-301F-11D3-BF4B-00C04F79EFBC}") = "Prototype", "02-creational-patterns\03-prototype\Prototype.csproj", "{EF54E45D-6B8F-4EAD-A73D-70A4B555FBD4}"
EndProject
Project("{FAE04EC0-301F-11D3-BF4B-00C04F79EFBC}") = "Singleton", "02-creational-patterns\04-singleton\Singleton.csproj", "{E06C67C8-1413-4E6E-A1A6-F2F3FA792E7C}"
EndProject
Project("{2150E333-8FDC-42A3-9474-1A3956D46DE8}") = "00-solid-design-principles", "00-solid-design-principles", "{DF4658BB-6D06-452C-BF28-0F55C08ED8B0}"
EndProject
Project("{2150E333-8FDC-42A3-9474-1A3956D46DE8}") = "01-functional-perspective", "01-functional-perspective", "{EC2882DF-9375-4A72-A278-F1023AFAE8CD}"
EndProject
Project("{2150E333-8FDC-42A3-9474-1A3956D46DE8}") = "03-structure-patterns", "03-structure-patterns", "{426A58D3-BB72-48CE-A2FE-AFD352D3F66A}"
EndProject
Project("{FAE04EC0-301F-11D3-BF4B-00C04F79EFBC}") = "Adapter", "03-structural-patterns\01-adapter\Adapter.csproj", "{27973878-338D-4154-BCCD-14707483A657}"
EndProject
Project("{FAE04EC0-301F-11D3-BF4B-00C04F79EFBC}") = "Bridge", "03-structural-patterns\02-bridge\Bridge.csproj", "{3356295A-D1A0-467D-91E8-A3170E2372B9}"
EndProject
Project("{FAE04EC0-301F-11D3-BF4B-00C04F79EFBC}") = "Composite", "03-structural-patterns\03-composite\Composite.csproj", "{5FF20AD5-C6C4-46EB-889F-73EE12E89A32}"
EndProject
Project("{FAE04EC0-301F-11D3-BF4B-00C04F79EFBC}") = "Decorator", "03-structural-patterns\04-decorator\Decorator.csproj", "{3997C60B-1C8A-40B2-8DC2-6B5EDC22D856}"
EndProject
Project("{FAE04EC0-301F-11D3-BF4B-00C04F79EFBC}") = "Facade", "03-structural-patterns\05-facade\Facade.csproj", "{3C74F0F3-B584-4EC7-84B4-9B57F15FDF3B}"
EndProject
Project("{FAE04EC0-301F-11D3-BF4B-00C04F79EFBC}") = "Flyweight", "03-structural-patterns\06-flyweight\Flyweight.csproj", "{FF921856-5D44-4A37-B80A-2F0ABFAA74CB}"
EndProject
Project("{FAE04EC0-301F-11D3-BF4B-00C04F79EFBC}") = "Proxy", "03-structural-patterns\07-proxy\Proxy.csproj", "{A69821DE-6877-45A6-A331-3454121AB848}"
EndProject
Project("{2150E333-8FDC-42A3-9474-1A3956D46DE8}") = "04-behavioral-patterns", "04-behavioral-patterns", "{3EA0A1BC-10F5-4B86-A6B1-843EE5677964}"
EndProject
Project("{2150E333-8FDC-42A3-9474-1A3956D46DE8}") = "01-chain-of-responsibility", "01-chain-of-responsibility", "{96BF1887-B2B9-4572-8C26-B2EBE3359542}"
EndProject
Project("{FAE04EC0-301F-11D3-BF4B-00C04F79EFBC}") = "ChainOfResponsibility", "04-behavioral-patterns\01-chain-of-responsibility\ChainOfResponsibility.csproj", "{C7E3124E-A53E-47C2-8C69-2B8A71118D39}"
EndProject
Project("{2150E333-8FDC-42A3-9474-1A3956D46DE8}") = "02-command", "02-command", "{764E6F49-D3BB-4640-A2E9-22B978B52C4A}"
EndProject
Project("{FAE04EC0-301F-11D3-BF4B-00C04F79EFBC}") = "Command", "04-behavioral-patterns\02-command\Command.csproj", "{59A4F3B1-619E-41B4-8BA5-5B98F6CF2BCF}"
EndProject
Project("{2150E333-8FDC-42A3-9474-1A3956D46DE8}") = "03-interpreter", "03-interpreter", "{DD9646D0-09D6-4658-A6DC-3569004821FA}"
EndProject
Project("{FAE04EC0-301F-11D3-BF4B-00C04F79EFBC}") = "Interpreter", "04-behavioral-patterns\03-interpreter\Interpreter.csproj", "{CC2C4855-0F5A-498A-BCA4-7C2F3447AB59}"
EndProject
Project("{2150E333-8FDC-42A3-9474-1A3956D46DE8}") = "04-iterator", "04-iterator", "{E2B288CA-66CA-4BF4-B489-ECB7B902B20A}"
EndProject
Project("{FAE04EC0-301F-11D3-BF4B-00C04F79EFBC}") = "Iterator", "04-behavioral-patterns\04-iterator\Iterator.csproj", "{2A0FFDE8-F8D7-4B30-AA41-30665B533A9F}"
EndProject
Project("{2150E333-8FDC-42A3-9474-1A3956D46DE8}") = "05-mediator", "05-mediator", "{2AE6AAF6-0FB4-43B7-A001-85BF69084B2F}"
EndProject
Project("{FAE04EC0-301F-11D3-BF4B-00C04F79EFBC}") = "Mediator", "04-behavioral-patterns\05-mediator\Mediator.csproj", "{FB6A31CE-7522-43B8-8058-1826B7CFB871}"
EndProject
Project("{2150E333-8FDC-42A3-9474-1A3956D46DE8}") = "06-memento", "06-memento", "{E549C007-E692-4059-9C4A-BEAC48C1FBE2}"
EndProject
Project("{FAE04EC0-301F-11D3-BF4B-00C04F79EFBC}") = "Memento", "04-behavioral-patterns\06-memento\Memento.csproj", "{2AEB08D5-1A5C-4723-B284-A23475121866}"
EndProject
Project("{2150E333-8FDC-42A3-9474-1A3956D46DE8}") = "07-null-object", "07-null-object", "{6819B2DD-D91E-46E5-BB0D-AC3ECAD62ADF}"
EndProject
Project("{FAE04EC0-301F-11D3-BF4B-00C04F79EFBC}") = "NullObject", "04-behavioral-patterns\07-null-object\NullObject.csproj", "{B766C497-4F89-4CF7-9C2D-05FD9B3A1494}"
EndProject
Project("{2150E333-8FDC-42A3-9474-1A3956D46DE8}") = "08-observer", "08-observer", "{C22EE242-7160-4CA7-84A8-72B373BA8545}"
EndProject
Project("{FAE04EC0-301F-11D3-BF4B-00C04F79EFBC}") = "Observer", "04-behavioral-patterns\08-observer\Observer.csproj", "{FF43B3D7-FC74-4D21-A815-C5BBFE9CA95A}"
EndProject
Project("{2150E333-8FDC-42A3-9474-1A3956D46DE8}") = "09-state", "09-state", "{3E2FB8CB-1C08-4633-AB44-D5007DC4CDFC}"
EndProject
Project("{FAE04EC0-301F-11D3-BF4B-00C04F79EFBC}") = "State", "04-behavioral-patterns\09-state\State.csproj", "{873543B9-072A-4AB2-8333-2B5BD81BF29B}"
EndProject
Project("{2150E333-8FDC-42A3-9474-1A3956D46DE8}") = "10-strategy", "10-strategy", "{1459AC7F-14F7-4804-BCEC-30D19DEDFF37}"
EndProject
Project("{FAE04EC0-301F-11D3-BF4B-00C04F79EFBC}") = "Strategy", "04-behavioral-patterns\10-strategy\Strategy.csproj", "{C9550485-37FF-47E9-AADE-B307923813D0}"
EndProject
Project("{2150E333-8FDC-42A3-9474-1A3956D46DE8}") = "11-template-method", "11-template-method", "{D74A2B89-716B-49B9-8904-CC6AECCE970F}"
EndProject
Project("{FAE04EC0-301F-11D3-BF4B-00C04F79EFBC}") = "TemplateMethod", "04-behavioral-patterns\11-template-method\TemplateMethod.csproj", "{E194B62B-F674-439B-A7DB-1C483F463B5C}"
EndProject
Project("{2150E333-8FDC-42A3-9474-1A3956D46DE8}") = "12-visitor", "12-visitor", "{7BC52589-A2D6-4DAB-B235-6476BF98E56E}"
EndProject
Project("{FAE04EC0-301F-11D3-BF4B-00C04F79EFBC}") = "Visitor", "04-behavioral-patterns\12-visitor\Visitor.csproj", "{3161E60A-EA80-4ADB-BF34-3FB114BE5D85}"
EndProject
Global
	GlobalSection(SolutionConfigurationPlatforms) = preSolution
		Debug|Any CPU = Debug|Any CPU
		Release|Any CPU = Release|Any CPU
	EndGlobalSection
	GlobalSection(SolutionProperties) = preSolution
		HideSolutionNode = FALSE
	EndGlobalSection
	GlobalSection(ProjectConfigurationPlatforms) = postSolution
		{47CC4F78-F6FC-47C4-B8A8-449E3CD68AC3}.Debug|Any CPU.ActiveCfg = Debug|Any CPU
		{47CC4F78-F6FC-47C4-B8A8-449E3CD68AC3}.Debug|Any CPU.Build.0 = Debug|Any CPU
		{47CC4F78-F6FC-47C4-B8A8-449E3CD68AC3}.Release|Any CPU.ActiveCfg = Release|Any CPU
		{47CC4F78-F6FC-47C4-B8A8-449E3CD68AC3}.Release|Any CPU.Build.0 = Release|Any CPU
		{6CDE966D-7F05-49E3-8216-BA50E7D4BBF5}.Debug|Any CPU.ActiveCfg = Debug|Any CPU
		{6CDE966D-7F05-49E3-8216-BA50E7D4BBF5}.Debug|Any CPU.Build.0 = Debug|Any CPU
		{6CDE966D-7F05-49E3-8216-BA50E7D4BBF5}.Release|Any CPU.ActiveCfg = Release|Any CPU
		{6CDE966D-7F05-49E3-8216-BA50E7D4BBF5}.Release|Any CPU.Build.0 = Release|Any CPU
		{77FE0BDC-BEDD-41BD-92E1-B26665A30775}.Debug|Any CPU.ActiveCfg = Debug|Any CPU
		{77FE0BDC-BEDD-41BD-92E1-B26665A30775}.Debug|Any CPU.Build.0 = Debug|Any CPU
		{77FE0BDC-BEDD-41BD-92E1-B26665A30775}.Release|Any CPU.ActiveCfg = Release|Any CPU
		{77FE0BDC-BEDD-41BD-92E1-B26665A30775}.Release|Any CPU.Build.0 = Release|Any CPU
		{CC57570F-5E9E-4145-9ABA-E3DEA16B2A2B}.Debug|Any CPU.ActiveCfg = Debug|Any CPU
		{CC57570F-5E9E-4145-9ABA-E3DEA16B2A2B}.Debug|Any CPU.Build.0 = Debug|Any CPU
		{CC57570F-5E9E-4145-9ABA-E3DEA16B2A2B}.Release|Any CPU.ActiveCfg = Release|Any CPU
		{CC57570F-5E9E-4145-9ABA-E3DEA16B2A2B}.Release|Any CPU.Build.0 = Release|Any CPU
		{EF54E45D-6B8F-4EAD-A73D-70A4B555FBD4}.Debug|Any CPU.ActiveCfg = Debug|Any CPU
		{EF54E45D-6B8F-4EAD-A73D-70A4B555FBD4}.Debug|Any CPU.Build.0 = Debug|Any CPU
		{EF54E45D-6B8F-4EAD-A73D-70A4B555FBD4}.Release|Any CPU.ActiveCfg = Release|Any CPU
		{EF54E45D-6B8F-4EAD-A73D-70A4B555FBD4}.Release|Any CPU.Build.0 = Release|Any CPU
		{E06C67C8-1413-4E6E-A1A6-F2F3FA792E7C}.Debug|Any CPU.ActiveCfg = Debug|Any CPU
		{E06C67C8-1413-4E6E-A1A6-F2F3FA792E7C}.Debug|Any CPU.Build.0 = Debug|Any CPU
		{E06C67C8-1413-4E6E-A1A6-F2F3FA792E7C}.Release|Any CPU.ActiveCfg = Release|Any CPU
		{E06C67C8-1413-4E6E-A1A6-F2F3FA792E7C}.Release|Any CPU.Build.0 = Release|Any CPU
		{27973878-338D-4154-BCCD-14707483A657}.Debug|Any CPU.ActiveCfg = Debug|Any CPU
		{27973878-338D-4154-BCCD-14707483A657}.Debug|Any CPU.Build.0 = Debug|Any CPU
		{27973878-338D-4154-BCCD-14707483A657}.Release|Any CPU.ActiveCfg = Release|Any CPU
		{27973878-338D-4154-BCCD-14707483A657}.Release|Any CPU.Build.0 = Release|Any CPU
		{3356295A-D1A0-467D-91E8-A3170E2372B9}.Debug|Any CPU.ActiveCfg = Debug|Any CPU
		{3356295A-D1A0-467D-91E8-A3170E2372B9}.Debug|Any CPU.Build.0 = Debug|Any CPU
		{3356295A-D1A0-467D-91E8-A3170E2372B9}.Release|Any CPU.ActiveCfg = Release|Any CPU
		{3356295A-D1A0-467D-91E8-A3170E2372B9}.Release|Any CPU.Build.0 = Release|Any CPU
		{5FF20AD5-C6C4-46EB-889F-73EE12E89A32}.Debug|Any CPU.ActiveCfg = Debug|Any CPU
		{5FF20AD5-C6C4-46EB-889F-73EE12E89A32}.Debug|Any CPU.Build.0 = Debug|Any CPU
		{5FF20AD5-C6C4-46EB-889F-73EE12E89A32}.Release|Any CPU.ActiveCfg = Release|Any CPU
		{5FF20AD5-C6C4-46EB-889F-73EE12E89A32}.Release|Any CPU.Build.0 = Release|Any CPU
		{3997C60B-1C8A-40B2-8DC2-6B5EDC22D856}.Debug|Any CPU.ActiveCfg = Debug|Any CPU
		{3997C60B-1C8A-40B2-8DC2-6B5EDC22D856}.Debug|Any CPU.Build.0 = Debug|Any CPU
		{3997C60B-1C8A-40B2-8DC2-6B5EDC22D856}.Release|Any CPU.ActiveCfg = Release|Any CPU
		{3997C60B-1C8A-40B2-8DC2-6B5EDC22D856}.Release|Any CPU.Build.0 = Release|Any CPU
		{3C74F0F3-B584-4EC7-84B4-9B57F15FDF3B}.Debug|Any CPU.ActiveCfg = Debug|Any CPU
		{3C74F0F3-B584-4EC7-84B4-9B57F15FDF3B}.Debug|Any CPU.Build.0 = Debug|Any CPU
		{3C74F0F3-B584-4EC7-84B4-9B57F15FDF3B}.Release|Any CPU.ActiveCfg = Release|Any CPU
		{3C74F0F3-B584-4EC7-84B4-9B57F15FDF3B}.Release|Any CPU.Build.0 = Release|Any CPU
		{FF921856-5D44-4A37-B80A-2F0ABFAA74CB}.Debug|Any CPU.ActiveCfg = Debug|Any CPU
		{FF921856-5D44-4A37-B80A-2F0ABFAA74CB}.Debug|Any CPU.Build.0 = Debug|Any CPU
		{FF921856-5D44-4A37-B80A-2F0ABFAA74CB}.Release|Any CPU.ActiveCfg = Release|Any CPU
		{FF921856-5D44-4A37-B80A-2F0ABFAA74CB}.Release|Any CPU.Build.0 = Release|Any CPU
		{A69821DE-6877-45A6-A331-3454121AB848}.Debug|Any CPU.ActiveCfg = Debug|Any CPU
		{A69821DE-6877-45A6-A331-3454121AB848}.Debug|Any CPU.Build.0 = Debug|Any CPU
		{A69821DE-6877-45A6-A331-3454121AB848}.Release|Any CPU.ActiveCfg = Release|Any CPU
		{A69821DE-6877-45A6-A331-3454121AB848}.Release|Any CPU.Build.0 = Release|Any CPU
		{C7E3124E-A53E-47C2-8C69-2B8A71118D39}.Debug|Any CPU.ActiveCfg = Debug|Any CPU
		{C7E3124E-A53E-47C2-8C69-2B8A71118D39}.Debug|Any CPU.Build.0 = Debug|Any CPU
		{C7E3124E-A53E-47C2-8C69-2B8A71118D39}.Release|Any CPU.ActiveCfg = Release|Any CPU
		{C7E3124E-A53E-47C2-8C69-2B8A71118D39}.Release|Any CPU.Build.0 = Release|Any CPU
		{59A4F3B1-619E-41B4-8BA5-5B98F6CF2BCF}.Debug|Any CPU.ActiveCfg = Debug|Any CPU
		{59A4F3B1-619E-41B4-8BA5-5B98F6CF2BCF}.Debug|Any CPU.Build.0 = Debug|Any CPU
		{59A4F3B1-619E-41B4-8BA5-5B98F6CF2BCF}.Release|Any CPU.ActiveCfg = Release|Any CPU
		{59A4F3B1-619E-41B4-8BA5-5B98F6CF2BCF}.Release|Any CPU.Build.0 = Release|Any CPU
		{CC2C4855-0F5A-498A-BCA4-7C2F3447AB59}.Debug|Any CPU.ActiveCfg = Debug|Any CPU
		{CC2C4855-0F5A-498A-BCA4-7C2F3447AB59}.Debug|Any CPU.Build.0 = Debug|Any CPU
		{CC2C4855-0F5A-498A-BCA4-7C2F3447AB59}.Release|Any CPU.ActiveCfg = Release|Any CPU
		{CC2C4855-0F5A-498A-BCA4-7C2F3447AB59}.Release|Any CPU.Build.0 = Release|Any CPU
		{2A0FFDE8-F8D7-4B30-AA41-30665B533A9F}.Debug|Any CPU.ActiveCfg = Debug|Any CPU
		{2A0FFDE8-F8D7-4B30-AA41-30665B533A9F}.Debug|Any CPU.Build.0 = Debug|Any CPU
		{2A0FFDE8-F8D7-4B30-AA41-30665B533A9F}.Release|Any CPU.ActiveCfg = Release|Any CPU
		{2A0FFDE8-F8D7-4B30-AA41-30665B533A9F}.Release|Any CPU.Build.0 = Release|Any CPU
		{FB6A31CE-7522-43B8-8058-1826B7CFB871}.Debug|Any CPU.ActiveCfg = Debug|Any CPU
		{FB6A31CE-7522-43B8-8058-1826B7CFB871}.Debug|Any CPU.Build.0 = Debug|Any CPU
		{FB6A31CE-7522-43B8-8058-1826B7CFB871}.Release|Any CPU.ActiveCfg = Release|Any CPU
		{FB6A31CE-7522-43B8-8058-1826B7CFB871}.Release|Any CPU.Build.0 = Release|Any CPU
		{2AEB08D5-1A5C-4723-B284-A23475121866}.Debug|Any CPU.ActiveCfg = Debug|Any CPU
		{2AEB08D5-1A5C-4723-B284-A23475121866}.Debug|Any CPU.Build.0 = Debug|Any CPU
		{2AEB08D5-1A5C-4723-B284-A23475121866}.Release|Any CPU.ActiveCfg = Release|Any CPU
		{2AEB08D5-1A5C-4723-B284-A23475121866}.Release|Any CPU.Build.0 = Release|Any CPU
		{B766C497-4F89-4CF7-9C2D-05FD9B3A1494}.Debug|Any CPU.ActiveCfg = Debug|Any CPU
		{B766C497-4F89-4CF7-9C2D-05FD9B3A1494}.Debug|Any CPU.Build.0 = Debug|Any CPU
		{B766C497-4F89-4CF7-9C2D-05FD9B3A1494}.Release|Any CPU.ActiveCfg = Release|Any CPU
		{B766C497-4F89-4CF7-9C2D-05FD9B3A1494}.Release|Any CPU.Build.0 = Release|Any CPU
		{FF43B3D7-FC74-4D21-A815-C5BBFE9CA95A}.Debug|Any CPU.ActiveCfg = Debug|Any CPU
		{FF43B3D7-FC74-4D21-A815-C5BBFE9CA95A}.Debug|Any CPU.Build.0 = Debug|Any CPU
		{FF43B3D7-FC74-4D21-A815-C5BBFE9CA95A}.Release|Any CPU.ActiveCfg = Release|Any CPU
		{FF43B3D7-FC74-4D21-A815-C5BBFE9CA95A}.Release|Any CPU.Build.0 = Release|Any CPU
		{873543B9-072A-4AB2-8333-2B5BD81BF29B}.Debug|Any CPU.ActiveCfg = Debug|Any CPU
		{873543B9-072A-4AB2-8333-2B5BD81BF29B}.Debug|Any CPU.Build.0 = Debug|Any CPU
		{873543B9-072A-4AB2-8333-2B5BD81BF29B}.Release|Any CPU.ActiveCfg = Release|Any CPU
		{873543B9-072A-4AB2-8333-2B5BD81BF29B}.Release|Any CPU.Build.0 = Release|Any CPU
		{C9550485-37FF-47E9-AADE-B307923813D0}.Debug|Any CPU.ActiveCfg = Debug|Any CPU
		{C9550485-37FF-47E9-AADE-B307923813D0}.Debug|Any CPU.Build.0 = Debug|Any CPU
		{C9550485-37FF-47E9-AADE-B307923813D0}.Release|Any CPU.ActiveCfg = Release|Any CPU
		{C9550485-37FF-47E9-AADE-B307923813D0}.Release|Any CPU.Build.0 = Release|Any CPU
		{E194B62B-F674-439B-A7DB-1C483F463B5C}.Debug|Any CPU.ActiveCfg = Debug|Any CPU
		{E194B62B-F674-439B-A7DB-1C483F463B5C}.Debug|Any CPU.Build.0 = Debug|Any CPU
		{E194B62B-F674-439B-A7DB-1C483F463B5C}.Release|Any CPU.ActiveCfg = Release|Any CPU
		{E194B62B-F674-439B-A7DB-1C483F463B5C}.Release|Any CPU.Build.0 = Release|Any CPU
		{3161E60A-EA80-4ADB-BF34-3FB114BE5D85}.Debug|Any CPU.ActiveCfg = Debug|Any CPU
		{3161E60A-EA80-4ADB-BF34-3FB114BE5D85}.Debug|Any CPU.Build.0 = Debug|Any CPU
		{3161E60A-EA80-4ADB-BF34-3FB114BE5D85}.Release|Any CPU.ActiveCfg = Release|Any CPU
		{3161E60A-EA80-4ADB-BF34-3FB114BE5D85}.Release|Any CPU.Build.0 = Release|Any CPU
	EndGlobalSection
	GlobalSection(NestedProjects) = preSolution
		{77FE0BDC-BEDD-41BD-92E1-B26665A30775} = {85065C01-38DB-49DE-8283-3AF0A7C2E83C}
		{CC57570F-5E9E-4145-9ABA-E3DEA16B2A2B} = {85065C01-38DB-49DE-8283-3AF0A7C2E83C}
		{47CC4F78-F6FC-47C4-B8A8-449E3CD68AC3} = {DF4658BB-6D06-452C-BF28-0F55C08ED8B0}
		{E06C67C8-1413-4E6E-A1A6-F2F3FA792E7C} = {85065C01-38DB-49DE-8283-3AF0A7C2E83C}
		{6CDE966D-7F05-49E3-8216-BA50E7D4BBF5} = {EC2882DF-9375-4A72-A278-F1023AFAE8CD}
		{EF54E45D-6B8F-4EAD-A73D-70A4B555FBD4} = {85065C01-38DB-49DE-8283-3AF0A7C2E83C}
		{27973878-338D-4154-BCCD-14707483A657} = {426A58D3-BB72-48CE-A2FE-AFD352D3F66A}
		{3356295A-D1A0-467D-91E8-A3170E2372B9} = {426A58D3-BB72-48CE-A2FE-AFD352D3F66A}
		{5FF20AD5-C6C4-46EB-889F-73EE12E89A32} = {426A58D3-BB72-48CE-A2FE-AFD352D3F66A}
		{3997C60B-1C8A-40B2-8DC2-6B5EDC22D856} = {426A58D3-BB72-48CE-A2FE-AFD352D3F66A}
		{3C74F0F3-B584-4EC7-84B4-9B57F15FDF3B} = {426A58D3-BB72-48CE-A2FE-AFD352D3F66A}
		{FF921856-5D44-4A37-B80A-2F0ABFAA74CB} = {426A58D3-BB72-48CE-A2FE-AFD352D3F66A}
		{A69821DE-6877-45A6-A331-3454121AB848} = {426A58D3-BB72-48CE-A2FE-AFD352D3F66A}
		{96BF1887-B2B9-4572-8C26-B2EBE3359542} = {3EA0A1BC-10F5-4B86-A6B1-843EE5677964}
		{C7E3124E-A53E-47C2-8C69-2B8A71118D39} = {96BF1887-B2B9-4572-8C26-B2EBE3359542}
		{764E6F49-D3BB-4640-A2E9-22B978B52C4A} = {3EA0A1BC-10F5-4B86-A6B1-843EE5677964}
		{59A4F3B1-619E-41B4-8BA5-5B98F6CF2BCF} = {764E6F49-D3BB-4640-A2E9-22B978B52C4A}
		{DD9646D0-09D6-4658-A6DC-3569004821FA} = {3EA0A1BC-10F5-4B86-A6B1-843EE5677964}
		{CC2C4855-0F5A-498A-BCA4-7C2F3447AB59} = {DD9646D0-09D6-4658-A6DC-3569004821FA}
		{E2B288CA-66CA-4BF4-B489-ECB7B902B20A} = {3EA0A1BC-10F5-4B86-A6B1-843EE5677964}
		{2A0FFDE8-F8D7-4B30-AA41-30665B533A9F} = {E2B288CA-66CA-4BF4-B489-ECB7B902B20A}
		{2AE6AAF6-0FB4-43B7-A001-85BF69084B2F} = {3EA0A1BC-10F5-4B86-A6B1-843EE5677964}
		{FB6A31CE-7522-43B8-8058-1826B7CFB871} = {2AE6AAF6-0FB4-43B7-A001-85BF69084B2F}
		{E549C007-E692-4059-9C4A-BEAC48C1FBE2} = {3EA0A1BC-10F5-4B86-A6B1-843EE5677964}
		{2AEB08D5-1A5C-4723-B284-A23475121866} = {E549C007-E692-4059-9C4A-BEAC48C1FBE2}
		{6819B2DD-D91E-46E5-BB0D-AC3ECAD62ADF} = {3EA0A1BC-10F5-4B86-A6B1-843EE5677964}
		{B766C497-4F89-4CF7-9C2D-05FD9B3A1494} = {6819B2DD-D91E-46E5-BB0D-AC3ECAD62ADF}
		{C22EE242-7160-4CA7-84A8-72B373BA8545} = {3EA0A1BC-10F5-4B86-A6B1-843EE5677964}
		{FF43B3D7-FC74-4D21-A815-C5BBFE9CA95A} = {C22EE242-7160-4CA7-84A8-72B373BA8545}
		{3E2FB8CB-1C08-4633-AB44-D5007DC4CDFC} = {3EA0A1BC-10F5-4B86-A6B1-843EE5677964}
		{873543B9-072A-4AB2-8333-2B5BD81BF29B} = {3E2FB8CB-1C08-4633-AB44-D5007DC4CDFC}
		{1459AC7F-14F7-4804-BCEC-30D19DEDFF37} = {3EA0A1BC-10F5-4B86-A6B1-843EE5677964}
		{C9550485-37FF-47E9-AADE-B307923813D0} = {1459AC7F-14F7-4804-BCEC-30D19DEDFF37}
		{D74A2B89-716B-49B9-8904-CC6AECCE970F} = {3EA0A1BC-10F5-4B86-A6B1-843EE5677964}
		{E194B62B-F674-439B-A7DB-1C483F463B5C} = {D74A2B89-716B-49B9-8904-CC6AECCE970F}
		{7BC52589-A2D6-4DAB-B235-6476BF98E56E} = {3EA0A1BC-10F5-4B86-A6B1-843EE5677964}
		{3161E60A-EA80-4ADB-BF34-3FB114BE5D85} = {7BC52589-A2D6-4DAB-B235-6476BF98E56E}
	EndGlobalSection
EndGlobal
